
Microsoft Visual Studio Solution File, Format Version 12.00
Project("{2150E333-8FDC-42A3-9474-1A3956D46DE8}") = "1_Apps", "1_Apps", "{8E66CE65-1D8D-42F6-879C-F741169A1177}"
EndProject
Project("{2150E333-8FDC-42A3-9474-1A3956D46DE8}") = "2_Menus", "2_Menus", "{1EE56840-9C5B-4247-93B1-AAAFE61CC6EF}"
EndProject
Project("{2150E333-8FDC-42A3-9474-1A3956D46DE8}") = "3_Controls", "3_Controls", "{127CB963-EC40-4990-A6E6-6703B61EC3DC}"
EndProject
Project("{2150E333-8FDC-42A3-9474-1A3956D46DE8}") = "4_Plugins", "4_Plugins", "{25221CFB-2B4D-4547-9BC9-21A6A1EA6063}"
EndProject
Project("{2150E333-8FDC-42A3-9474-1A3956D46DE8}") = "5_Framework", "5_Framework", "{6F72E893-C643-4ED7-A932-B99103B21689}"
EndProject
Project("{FAE04EC0-301F-11D3-BF4B-00C04F79EFBC}") = "Framework.Common", "Framework.Common\Framework.Common.csproj", "{8BA399D0-DCD2-409C-81CB-93F910633D91}"
EndProject
Project("{FAE04EC0-301F-11D3-BF4B-00C04F79EFBC}") = "UniClient", "UniClient\UniClient.csproj", "{D773E7D6-A30B-43D3-AD0F-18DC38F6B63C}"
EndProject
Project("{FAE04EC0-301F-11D3-BF4B-00C04F79EFBC}") = "Framework.Consts", "Framework.Consts\Framework.Consts.csproj", "{A2E3AAF0-7AD0-493B-A3EE-30E738B2139D}"
EndProject
Project("{FAE04EC0-301F-11D3-BF4B-00C04F79EFBC}") = "Framework.Utils", "Framework.Utils\Framework.Utils.csproj", "{F8E60FC1-E076-41C3-8305-9F73AD8B7BBB}"
EndProject
Project("{FAE04EC0-301F-11D3-BF4B-00C04F79EFBC}") = "Plugin.AppEnv", "Plugin.AppEnv\Plugin.AppEnv.csproj", "{398F1547-991F-4DC8-8D21-A76E042863BE}"
EndProject
Project("{FAE04EC0-301F-11D3-BF4B-00C04F79EFBC}") = "Plugin.Log", "Plugin.Log\Plugin.Log.csproj", "{1AACA003-E03B-40C3-9B1F-354F1EBA6FC7}"
EndProject
Project("{FAE04EC0-301F-11D3-BF4B-00C04F79EFBC}") = "Control.Basic", "Control.Basic\Control.Basic.csproj", "{C91FA00F-53ED-4D5D-A48E-C1F247BEC0EF}"
EndProject
Project("{FAE04EC0-301F-11D3-BF4B-00C04F79EFBC}") = "UniClient.Update", "UniClient.Update\UniClient.Update.csproj", "{FC60D4F6-76DF-4EFC-9C28-A2EE165F7D8C}"
EndProject
Project("{FAE04EC0-301F-11D3-BF4B-00C04F79EFBC}") = "Menu.Demo", "Menu.Demo\Menu.Demo.csproj", "{60BACF4D-8D6A-4F06-BC08-0144B0CD049B}"
EndProject
Project("{FAE04EC0-301F-11D3-BF4B-00C04F79EFBC}") = "Plugin.Thrift", "Plugin.Thrift\Plugin.Thrift.csproj", "{821AF5EA-FA10-4BF3-A500-C9D3611CCCDF}"
EndProject
Project("{FAE04EC0-301F-11D3-BF4B-00C04F79EFBC}") = "Plugin.Grpc", "Plugin.Grpc\Plugin.Grpc.csproj", "{084D0911-1860-4547-BB28-F32CA8FC54F3}"
EndProject
Global
	GlobalSection(SolutionConfigurationPlatforms) = preSolution
		Debug|Any CPU = Debug|Any CPU
		Release|Any CPU = Release|Any CPU
	EndGlobalSection
	GlobalSection(ProjectConfigurationPlatforms) = postSolution
		{8BA399D0-DCD2-409C-81CB-93F910633D91}.Debug|Any CPU.ActiveCfg = Debug|Any CPU
		{8BA399D0-DCD2-409C-81CB-93F910633D91}.Debug|Any CPU.Build.0 = Debug|Any CPU
		{8BA399D0-DCD2-409C-81CB-93F910633D91}.Release|Any CPU.ActiveCfg = Release|Any CPU
		{8BA399D0-DCD2-409C-81CB-93F910633D91}.Release|Any CPU.Build.0 = Release|Any CPU
		{D773E7D6-A30B-43D3-AD0F-18DC38F6B63C}.Debug|Any CPU.ActiveCfg = Debug|Any CPU
		{D773E7D6-A30B-43D3-AD0F-18DC38F6B63C}.Debug|Any CPU.Build.0 = Debug|Any CPU
		{D773E7D6-A30B-43D3-AD0F-18DC38F6B63C}.Release|Any CPU.ActiveCfg = Release|Any CPU
		{D773E7D6-A30B-43D3-AD0F-18DC38F6B63C}.Release|Any CPU.Build.0 = Release|Any CPU
		{A2E3AAF0-7AD0-493B-A3EE-30E738B2139D}.Debug|Any CPU.ActiveCfg = Debug|Any CPU
		{A2E3AAF0-7AD0-493B-A3EE-30E738B2139D}.Debug|Any CPU.Build.0 = Debug|Any CPU
		{A2E3AAF0-7AD0-493B-A3EE-30E738B2139D}.Release|Any CPU.ActiveCfg = Release|Any CPU
		{A2E3AAF0-7AD0-493B-A3EE-30E738B2139D}.Release|Any CPU.Build.0 = Release|Any CPU
		{F8E60FC1-E076-41C3-8305-9F73AD8B7BBB}.Debug|Any CPU.ActiveCfg = Debug|Any CPU
		{F8E60FC1-E076-41C3-8305-9F73AD8B7BBB}.Debug|Any CPU.Build.0 = Debug|Any CPU
		{F8E60FC1-E076-41C3-8305-9F73AD8B7BBB}.Release|Any CPU.ActiveCfg = Release|Any CPU
		{F8E60FC1-E076-41C3-8305-9F73AD8B7BBB}.Release|Any CPU.Build.0 = Release|Any CPU
		{398F1547-991F-4DC8-8D21-A76E042863BE}.Debug|Any CPU.ActiveCfg = Debug|Any CPU
		{398F1547-991F-4DC8-8D21-A76E042863BE}.Debug|Any CPU.Build.0 = Debug|Any CPU
		{398F1547-991F-4DC8-8D21-A76E042863BE}.Release|Any CPU.ActiveCfg = Release|Any CPU
		{398F1547-991F-4DC8-8D21-A76E042863BE}.Release|Any CPU.Build.0 = Release|Any CPU
		{1AACA003-E03B-40C3-9B1F-354F1EBA6FC7}.Debug|Any CPU.ActiveCfg = Debug|Any CPU
		{1AACA003-E03B-40C3-9B1F-354F1EBA6FC7}.Debug|Any CPU.Build.0 = Debug|Any CPU
		{1AACA003-E03B-40C3-9B1F-354F1EBA6FC7}.Release|Any CPU.ActiveCfg = Release|Any CPU
		{1AACA003-E03B-40C3-9B1F-354F1EBA6FC7}.Release|Any CPU.Build.0 = Release|Any CPU
		{C91FA00F-53ED-4D5D-A48E-C1F247BEC0EF}.Debug|Any CPU.ActiveCfg = Debug|Any CPU
		{C91FA00F-53ED-4D5D-A48E-C1F247BEC0EF}.Debug|Any CPU.Build.0 = Debug|Any CPU
		{C91FA00F-53ED-4D5D-A48E-C1F247BEC0EF}.Release|Any CPU.ActiveCfg = Release|Any CPU
		{C91FA00F-53ED-4D5D-A48E-C1F247BEC0EF}.Release|Any CPU.Build.0 = Release|Any CPU
		{FC60D4F6-76DF-4EFC-9C28-A2EE165F7D8C}.Debug|Any CPU.ActiveCfg = Debug|Any CPU
		{FC60D4F6-76DF-4EFC-9C28-A2EE165F7D8C}.Debug|Any CPU.Build.0 = Debug|Any CPU
		{FC60D4F6-76DF-4EFC-9C28-A2EE165F7D8C}.Release|Any CPU.ActiveCfg = Release|Any CPU
		{FC60D4F6-76DF-4EFC-9C28-A2EE165F7D8C}.Release|Any CPU.Build.0 = Release|Any CPU
		{60BACF4D-8D6A-4F06-BC08-0144B0CD049B}.Debug|Any CPU.ActiveCfg = Debug|Any CPU
		{60BACF4D-8D6A-4F06-BC08-0144B0CD049B}.Debug|Any CPU.Build.0 = Debug|Any CPU
		{60BACF4D-8D6A-4F06-BC08-0144B0CD049B}.Release|Any CPU.ActiveCfg = Release|Any CPU
		{60BACF4D-8D6A-4F06-BC08-0144B0CD049B}.Release|Any CPU.Build.0 = Release|Any CPU
		{821AF5EA-FA10-4BF3-A500-C9D3611CCCDF}.Debug|Any CPU.ActiveCfg = Debug|Any CPU
		{821AF5EA-FA10-4BF3-A500-C9D3611CCCDF}.Debug|Any CPU.Build.0 = Debug|Any CPU
		{821AF5EA-FA10-4BF3-A500-C9D3611CCCDF}.Release|Any CPU.ActiveCfg = Release|Any CPU
		{821AF5EA-FA10-4BF3-A500-C9D3611CCCDF}.Release|Any CPU.Build.0 = Release|Any CPU
		{084D0911-1860-4547-BB28-F32CA8FC54F3}.Debug|Any CPU.ActiveCfg = Debug|Any CPU
		{084D0911-1860-4547-BB28-F32CA8FC54F3}.Debug|Any CPU.Build.0 = Debug|Any CPU
		{084D0911-1860-4547-BB28-F32CA8FC54F3}.Release|Any CPU.ActiveCfg = Release|Any CPU
		{084D0911-1860-4547-BB28-F32CA8FC54F3}.Release|Any CPU.Build.0 = Release|Any CPU
	EndGlobalSection
	GlobalSection(NestedProjects) = preSolution
		{8BA399D0-DCD2-409C-81CB-93F910633D91} = {6F72E893-C643-4ED7-A932-B99103B21689}
		{D773E7D6-A30B-43D3-AD0F-18DC38F6B63C} = {8E66CE65-1D8D-42F6-879C-F741169A1177}
		{A2E3AAF0-7AD0-493B-A3EE-30E738B2139D} = {6F72E893-C643-4ED7-A932-B99103B21689}
		{F8E60FC1-E076-41C3-8305-9F73AD8B7BBB} = {6F72E893-C643-4ED7-A932-B99103B21689}
		{398F1547-991F-4DC8-8D21-A76E042863BE} = {25221CFB-2B4D-4547-9BC9-21A6A1EA6063}
		{1AACA003-E03B-40C3-9B1F-354F1EBA6FC7} = {25221CFB-2B4D-4547-9BC9-21A6A1EA6063}
		{C91FA00F-53ED-4D5D-A48E-C1F247BEC0EF} = {127CB963-EC40-4990-A6E6-6703B61EC3DC}
		{FC60D4F6-76DF-4EFC-9C28-A2EE165F7D8C} = {8E66CE65-1D8D-42F6-879C-F741169A1177}
		{60BACF4D-8D6A-4F06-BC08-0144B0CD049B} = {1EE56840-9C5B-4247-93B1-AAAFE61CC6EF}
		{821AF5EA-FA10-4BF3-A500-C9D3611CCCDF} = {25221CFB-2B4D-4547-9BC9-21A6A1EA6063}
		{084D0911-1860-4547-BB28-F32CA8FC54F3} = {25221CFB-2B4D-4547-9BC9-21A6A1EA6063}
	EndGlobalSection
EndGlobal
